
Microsoft Visual Studio Solution File, Format Version 12.00
# Visual Studio Version 17
VisualStudioVersion = 17.6.33801.468
MinimumVisualStudioVersion = 10.0.40219.1
Project("{FAE04EC0-301F-11D3-BF4B-00C04F79EFBC}") = "01. Basic Stack Operations", "01. Basic Stack Operations\01. Basic Stack Operations.csproj", "{E836D91D-4CBD-4C0E-BCD5-AFE2C1CFADC9}"
EndProject
Project("{FAE04EC0-301F-11D3-BF4B-00C04F79EFBC}") = "02. Basic Queue Operations", "02. Basic Queue Operations\02. Basic Queue Operations.csproj", "{7B9B122A-FC80-459E-B727-0F439513CE7B}"
EndProject
Project("{FAE04EC0-301F-11D3-BF4B-00C04F79EFBC}") = "03. Maximum and Minimum Element", "03. Maximum and Minimum Element\03. Maximum and Minimum Element.csproj", "{1AEBAC21-FF28-4511-9DC7-4169409A2CD1}"
EndProject
Project("{FAE04EC0-301F-11D3-BF4B-00C04F79EFBC}") = "04. Fast Food", "04. Fast Food\04. Fast Food.csproj", "{048A4813-1A47-41CD-98C0-96514259496A}"
EndProject
Project("{FAE04EC0-301F-11D3-BF4B-00C04F79EFBC}") = "05. Fashion Boutique", "05. Fashion Boutique\05. Fashion Boutique.csproj", "{C586A994-FAFD-4329-9EE8-9F77CEFA278B}"
EndProject
Project("{FAE04EC0-301F-11D3-BF4B-00C04F79EFBC}") = "06. Songs Queue", "06. Songs Queue\06. Songs Queue.csproj", "{517AF3FC-FC13-4190-81F2-2854348C6412}"
EndProject
Project("{FAE04EC0-301F-11D3-BF4B-00C04F79EFBC}") = "07. Truck Tour", "07. Truck Tour\07. Truck Tour.csproj", "{C362B665-AB6F-49C8-AB7D-FFEFD2D53480}"
EndProject
Project("{FAE04EC0-301F-11D3-BF4B-00C04F79EFBC}") = "08. Balanced Parenthesis", "08. Balanced Parenthesis\08. Balanced Parenthesis.csproj", "{1C6AF211-11C5-41CF-83F4-10BEC4E864D4}"
EndProject
Project("{FAE04EC0-301F-11D3-BF4B-00C04F79EFBC}") = "09. Simple Text Editor", "09. Simple Text Editor\09. Simple Text Editor.csproj", "{041D10EF-1D7D-4E5B-BE74-6D1D803EB559}"
EndProject
Project("{FAE04EC0-301F-11D3-BF4B-00C04F79EFBC}") = "10. Crossroads", "10. Crossroads\10. Crossroads.csproj", "{63CE79C4-3A23-4C16-8D38-1CAA6222A8D7}"
EndProject
Project("{FAE04EC0-301F-11D3-BF4B-00C04F79EFBC}") = "11. Key Revolver", "11. Key Revolver\11. Key Revolver.csproj", "{AB10A300-EE39-40EE-A834-46672B91C04D}"
EndProject
Project("{FAE04EC0-301F-11D3-BF4B-00C04F79EFBC}") = "12. Cups and Bottles", "12. Cups and Bottles\12. Cups and Bottles.csproj", "{B1E8E743-E119-4B0C-BDCD-FBC5B2780CF8}"
EndProject
Global
	GlobalSection(SolutionConfigurationPlatforms) = preSolution
		Debug|Any CPU = Debug|Any CPU
		Release|Any CPU = Release|Any CPU
	EndGlobalSection
	GlobalSection(ProjectConfigurationPlatforms) = postSolution
		{E836D91D-4CBD-4C0E-BCD5-AFE2C1CFADC9}.Debug|Any CPU.ActiveCfg = Debug|Any CPU
		{E836D91D-4CBD-4C0E-BCD5-AFE2C1CFADC9}.Debug|Any CPU.Build.0 = Debug|Any CPU
		{E836D91D-4CBD-4C0E-BCD5-AFE2C1CFADC9}.Release|Any CPU.ActiveCfg = Release|Any CPU
		{E836D91D-4CBD-4C0E-BCD5-AFE2C1CFADC9}.Release|Any CPU.Build.0 = Release|Any CPU
		{7B9B122A-FC80-459E-B727-0F439513CE7B}.Debug|Any CPU.ActiveCfg = Debug|Any CPU
		{7B9B122A-FC80-459E-B727-0F439513CE7B}.Debug|Any CPU.Build.0 = Debug|Any CPU
		{7B9B122A-FC80-459E-B727-0F439513CE7B}.Release|Any CPU.ActiveCfg = Release|Any CPU
		{7B9B122A-FC80-459E-B727-0F439513CE7B}.Release|Any CPU.Build.0 = Release|Any CPU
		{1AEBAC21-FF28-4511-9DC7-4169409A2CD1}.Debug|Any CPU.ActiveCfg = Debug|Any CPU
		{1AEBAC21-FF28-4511-9DC7-4169409A2CD1}.Debug|Any CPU.Build.0 = Debug|Any CPU
		{1AEBAC21-FF28-4511-9DC7-4169409A2CD1}.Release|Any CPU.ActiveCfg = Release|Any CPU
		{1AEBAC21-FF28-4511-9DC7-4169409A2CD1}.Release|Any CPU.Build.0 = Release|Any CPU
		{048A4813-1A47-41CD-98C0-96514259496A}.Debug|Any CPU.ActiveCfg = Debug|Any CPU
		{048A4813-1A47-41CD-98C0-96514259496A}.Debug|Any CPU.Build.0 = Debug|Any CPU
		{048A4813-1A47-41CD-98C0-96514259496A}.Release|Any CPU.ActiveCfg = Release|Any CPU
		{048A4813-1A47-41CD-98C0-96514259496A}.Release|Any CPU.Build.0 = Release|Any CPU
		{C586A994-FAFD-4329-9EE8-9F77CEFA278B}.Debug|Any CPU.ActiveCfg = Debug|Any CPU
		{C586A994-FAFD-4329-9EE8-9F77CEFA278B}.Debug|Any CPU.Build.0 = Debug|Any CPU
		{C586A994-FAFD-4329-9EE8-9F77CEFA278B}.Release|Any CPU.ActiveCfg = Release|Any CPU
		{C586A994-FAFD-4329-9EE8-9F77CEFA278B}.Release|Any CPU.Build.0 = Release|Any CPU
		{517AF3FC-FC13-4190-81F2-2854348C6412}.Debug|Any CPU.ActiveCfg = Debug|Any CPU
		{517AF3FC-FC13-4190-81F2-2854348C6412}.Debug|Any CPU.Build.0 = Debug|Any CPU
		{517AF3FC-FC13-4190-81F2-2854348C6412}.Release|Any CPU.ActiveCfg = Release|Any CPU
		{517AF3FC-FC13-4190-81F2-2854348C6412}.Release|Any CPU.Build.0 = Release|Any CPU
		{C362B665-AB6F-49C8-AB7D-FFEFD2D53480}.Debug|Any CPU.ActiveCfg = Debug|Any CPU
		{C362B665-AB6F-49C8-AB7D-FFEFD2D53480}.Debug|Any CPU.Build.0 = Debug|Any CPU
		{C362B665-AB6F-49C8-AB7D-FFEFD2D53480}.Release|Any CPU.ActiveCfg = Release|Any CPU
		{C362B665-AB6F-49C8-AB7D-FFEFD2D53480}.Release|Any CPU.Build.0 = Release|Any CPU
		{1C6AF211-11C5-41CF-83F4-10BEC4E864D4}.Debug|Any CPU.ActiveCfg = Debug|Any CPU
		{1C6AF211-11C5-41CF-83F4-10BEC4E864D4}.Debug|Any CPU.Build.0 = Debug|Any CPU
		{1C6AF211-11C5-41CF-83F4-10BEC4E864D4}.Release|Any CPU.ActiveCfg = Release|Any CPU
		{1C6AF211-11C5-41CF-83F4-10BEC4E864D4}.Release|Any CPU.Build.0 = Release|Any CPU
		{041D10EF-1D7D-4E5B-BE74-6D1D803EB559}.Debug|Any CPU.ActiveCfg = Debug|Any CPU
		{041D10EF-1D7D-4E5B-BE74-6D1D803EB559}.Debug|Any CPU.Build.0 = Debug|Any CPU
		{041D10EF-1D7D-4E5B-BE74-6D1D803EB559}.Release|Any CPU.ActiveCfg = Release|Any CPU
		{041D10EF-1D7D-4E5B-BE74-6D1D803EB559}.Release|Any CPU.Build.0 = Release|Any CPU
		{63CE79C4-3A23-4C16-8D38-1CAA6222A8D7}.Debug|Any CPU.ActiveCfg = Debug|Any CPU
		{63CE79C4-3A23-4C16-8D38-1CAA6222A8D7}.Debug|Any CPU.Build.0 = Debug|Any CPU
		{63CE79C4-3A23-4C16-8D38-1CAA6222A8D7}.Release|Any CPU.ActiveCfg = Release|Any CPU
		{63CE79C4-3A23-4C16-8D38-1CAA6222A8D7}.Release|Any CPU.Build.0 = Release|Any CPU
		{AB10A300-EE39-40EE-A834-46672B91C04D}.Debug|Any CPU.ActiveCfg = Debug|Any CPU
		{AB10A300-EE39-40EE-A834-46672B91C04D}.Debug|Any CPU.Build.0 = Debug|Any CPU
		{AB10A300-EE39-40EE-A834-46672B91C04D}.Release|Any CPU.ActiveCfg = Release|Any CPU
		{AB10A300-EE39-40EE-A834-46672B91C04D}.Release|Any CPU.Build.0 = Release|Any CPU
		{B1E8E743-E119-4B0C-BDCD-FBC5B2780CF8}.Debug|Any CPU.ActiveCfg = Debug|Any CPU
		{B1E8E743-E119-4B0C-BDCD-FBC5B2780CF8}.Debug|Any CPU.Build.0 = Debug|Any CPU
		{B1E8E743-E119-4B0C-BDCD-FBC5B2780CF8}.Release|Any CPU.ActiveCfg = Release|Any CPU
		{B1E8E743-E119-4B0C-BDCD-FBC5B2780CF8}.Release|Any CPU.Build.0 = Release|Any CPU
	EndGlobalSection
	GlobalSection(SolutionProperties) = preSolution
		HideSolutionNode = FALSE
	EndGlobalSection
	GlobalSection(ExtensibilityGlobals) = postSolution
		SolutionGuid = {3FD00A37-ED17-469D-89AA-7BBFBB93E19C}
	EndGlobalSection
EndGlobal
